
Microsoft Visual Studio Solution File, Format Version 12.00
# Visual Studio Version 16
VisualStudioVersion = 16.0.29509.3
MinimumVisualStudioVersion = 10.0.40219.1
Project("{FAE04EC0-301F-11D3-BF4B-00C04F79EFBC}") = "AppsJSSoftware", "AppsJSSoftware.csproj", "{A376E7E0-9650-4F3A-816C-6EABEDB68EC5}"
EndProject
Global
	GlobalSection(SolutionConfigurationPlatforms) = preSolution
		Debug|Any CPU = Debug|Any CPU
		Release|Any CPU = Release|Any CPU
	EndGlobalSection
	GlobalSection(ProjectConfigurationPlatforms) = postSolution
		{A376E7E0-9650-4F3A-816C-6EABEDB68EC5}.Debug|Any CPU.ActiveCfg = Debug|Any CPU
		{A376E7E0-9650-4F3A-816C-6EABEDB68EC5}.Debug|Any CPU.Build.0 = Debug|Any CPU
		{A376E7E0-9650-4F3A-816C-6EABEDB68EC5}.Release|Any CPU.ActiveCfg = Release|Any CPU
		{A376E7E0-9650-4F3A-816C-6EABEDB68EC5}.Release|Any CPU.Build.0 = Release|Any CPU
	EndGlobalSection
	GlobalSection(SolutionProperties) = preSolution
		HideSolutionNode = FALSE
	EndGlobalSection
	GlobalSection(ExtensibilityGlobals) = postSolution
		SolutionGuid = {D85D3258-E4C4-45C6-AA29-0573978FCC52}
	EndGlobalSection
EndGlobal
